
Microsoft Visual Studio Solution File, Format Version 12.00
# Visual Studio Version 17
VisualStudioVersion = 17.8.34322.80
MinimumVisualStudioVersion = 10.0.40219.1
Project("{FAE04EC0-301F-11D3-BF4B-00C04F79EFBC}") = "20224- 09-30-Server", "20224- 09-30-Server\20224- 09-30-Server.csproj", "{C8C557AC-4B82-4CB0-8913-8A1021CFB939}"
EndProject
Project("{FAE04EC0-301F-11D3-BF4B-00C04F79EFBC}") = "ServerCore", "ServerCore\ServerCore.csproj", "{044E6593-30B9-4387-9546-DE489FC64D4A}"
EndProject
Project("{FAE04EC0-301F-11D3-BF4B-00C04F79EFBC}") = "DummyClient", "DummyClient\DummyClient.csproj", "{F0B5A760-A154-43D5-8B77-A167E5C7573A}"
EndProject
Global
	GlobalSection(SolutionConfigurationPlatforms) = preSolution
		Debug|Any CPU = Debug|Any CPU
		Release|Any CPU = Release|Any CPU
	EndGlobalSection
	GlobalSection(ProjectConfigurationPlatforms) = postSolution
		{C8C557AC-4B82-4CB0-8913-8A1021CFB939}.Debug|Any CPU.ActiveCfg = Debug|Any CPU
		{C8C557AC-4B82-4CB0-8913-8A1021CFB939}.Debug|Any CPU.Build.0 = Debug|Any CPU
		{C8C557AC-4B82-4CB0-8913-8A1021CFB939}.Release|Any CPU.ActiveCfg = Release|Any CPU
		{C8C557AC-4B82-4CB0-8913-8A1021CFB939}.Release|Any CPU.Build.0 = Release|Any CPU
		{044E6593-30B9-4387-9546-DE489FC64D4A}.Debug|Any CPU.ActiveCfg = Debug|Any CPU
		{044E6593-30B9-4387-9546-DE489FC64D4A}.Debug|Any CPU.Build.0 = Debug|Any CPU
		{044E6593-30B9-4387-9546-DE489FC64D4A}.Release|Any CPU.ActiveCfg = Release|Any CPU
		{044E6593-30B9-4387-9546-DE489FC64D4A}.Release|Any CPU.Build.0 = Release|Any CPU
		{F0B5A760-A154-43D5-8B77-A167E5C7573A}.Debug|Any CPU.ActiveCfg = Debug|Any CPU
		{F0B5A760-A154-43D5-8B77-A167E5C7573A}.Debug|Any CPU.Build.0 = Debug|Any CPU
		{F0B5A760-A154-43D5-8B77-A167E5C7573A}.Release|Any CPU.ActiveCfg = Release|Any CPU
		{F0B5A760-A154-43D5-8B77-A167E5C7573A}.Release|Any CPU.Build.0 = Release|Any CPU
	EndGlobalSection
	GlobalSection(SolutionProperties) = preSolution
		HideSolutionNode = FALSE
	EndGlobalSection
	GlobalSection(ExtensibilityGlobals) = postSolution
		SolutionGuid = {CC4376A1-F279-4FFE-8BF8-19E8D310A40B}
	EndGlobalSection
EndGlobal
